
Microsoft Visual Studio Solution File, Format Version 12.00
# Visual Studio Version 17
VisualStudioVersion = 17.3.32929.385
MinimumVisualStudioVersion = 10.0.40219.1
Project("{9A19103F-16F7-4668-BE54-9A1E7A4F7556}") = "Movie.Server", "Movie.Review.Server\Movie.Server.csproj", "{D597FE44-AC0E-4481-9CA6-BAD677FFDDEE}"
EndProject
Project("{00D1A9C2-B5F0-4AF3-8072-F6C62B433612}") = "Movie.Database", "Movie.Database\Movie.Database.sqlproj", "{DAB07073-A9DD-4D8B-A16C-0A4820ECB855}"
EndProject
Project("{FAE04EC0-301F-11D3-BF4B-00C04F79EFBC}") = "Movie.DataAccess", "Movie.DataAccess\Movie.DataAccess.csproj", "{B27428A6-029E-48A9-89EF-533DDF652645}"
EndProject
Global
	GlobalSection(SolutionConfigurationPlatforms) = preSolution
		Debug|Any CPU = Debug|Any CPU
		Release|Any CPU = Release|Any CPU
	EndGlobalSection
	GlobalSection(ProjectConfigurationPlatforms) = postSolution
		{D597FE44-AC0E-4481-9CA6-BAD677FFDDEE}.Debug|Any CPU.ActiveCfg = Debug|Any CPU
		{D597FE44-AC0E-4481-9CA6-BAD677FFDDEE}.Debug|Any CPU.Build.0 = Debug|Any CPU
		{D597FE44-AC0E-4481-9CA6-BAD677FFDDEE}.Release|Any CPU.ActiveCfg = Release|Any CPU
		{D597FE44-AC0E-4481-9CA6-BAD677FFDDEE}.Release|Any CPU.Build.0 = Release|Any CPU
		{DAB07073-A9DD-4D8B-A16C-0A4820ECB855}.Debug|Any CPU.ActiveCfg = Debug|Any CPU
		{DAB07073-A9DD-4D8B-A16C-0A4820ECB855}.Debug|Any CPU.Build.0 = Debug|Any CPU
		{DAB07073-A9DD-4D8B-A16C-0A4820ECB855}.Debug|Any CPU.Deploy.0 = Debug|Any CPU
		{DAB07073-A9DD-4D8B-A16C-0A4820ECB855}.Release|Any CPU.ActiveCfg = Release|Any CPU
		{DAB07073-A9DD-4D8B-A16C-0A4820ECB855}.Release|Any CPU.Build.0 = Release|Any CPU
		{DAB07073-A9DD-4D8B-A16C-0A4820ECB855}.Release|Any CPU.Deploy.0 = Release|Any CPU
		{B27428A6-029E-48A9-89EF-533DDF652645}.Debug|Any CPU.ActiveCfg = Debug|Any CPU
		{B27428A6-029E-48A9-89EF-533DDF652645}.Debug|Any CPU.Build.0 = Debug|Any CPU
		{B27428A6-029E-48A9-89EF-533DDF652645}.Release|Any CPU.ActiveCfg = Release|Any CPU
		{B27428A6-029E-48A9-89EF-533DDF652645}.Release|Any CPU.Build.0 = Release|Any CPU
	EndGlobalSection
	GlobalSection(SolutionProperties) = preSolution
		HideSolutionNode = FALSE
	EndGlobalSection
	GlobalSection(ExtensibilityGlobals) = postSolution
		SolutionGuid = {91B18D9A-B9F7-453E-828A-526219B6F630}
	EndGlobalSection
EndGlobal
